// !$*UTF8*$!
{
	archiveVersion = 1;
	classes = {
	};
	objectVersion = 46;
	objects = {

/* Begin PBXBuildFile section */
		802701591F2A31D700A26F3B /* TLPhotoPicker.framework in Frameworks */ = {isa = PBXBuildFile; fileRef = 808476A11F26D5A700A0AD0E /* TLPhotoPicker.framework */; };
		808476971F26D3B800A0AD0E /* Podfile in Resources */ = {isa = PBXBuildFile; fileRef = 808476961F26D3B800A0AD0E /* Podfile */; };
		809D23C71F25DF8C00116FBA /* Main.storyboard in Resources */ = {isa = PBXBuildFile; fileRef = 809D23C51F25DF8C00116FBA /* Main.storyboard */; };
		809D23C91F25DF8C00116FBA /* Assets.xcassets in Resources */ = {isa = PBXBuildFile; fileRef = 809D23C81F25DF8C00116FBA /* Assets.xcassets */; };
		809D23CC1F25DF8C00116FBA /* LaunchScreen.storyboard in Resources */ = {isa = PBXBuildFile; fileRef = 809D23CA1F25DF8C00116FBA /* LaunchScreen.storyboard */; };
		809D23D71F25DF8C00116FBA /* test01Tests.swift in Sources */ = {isa = PBXBuildFile; fileRef = 809D23D61F25DF8C00116FBA /* test01Tests.swift */; };
		809D23E21F25DF8C00116FBA /* test01UITests.swift in Sources */ = {isa = PBXBuildFile; fileRef = 809D23E11F25DF8C00116FBA /* test01UITests.swift */; };
		80A2C1021F30ACA9003B3B6D /* FaceDetecter.swift in Sources */ = {isa = PBXBuildFile; fileRef = 80C6FFB81F30AA70000401C1 /* FaceDetecter.swift */; };
		80A2C1031F30ACAC003B3B6D /* ViewController.swift in Sources */ = {isa = PBXBuildFile; fileRef = 809D23C31F25DF8C00116FBA /* ViewController.swift */; };
		80A2C1041F30ACB0003B3B6D /* AppDelegate.swift in Sources */ = {isa = PBXBuildFile; fileRef = 809D23C11F25DF8C00116FBA /* AppDelegate.swift */; };
		80A2C1051F30ACB3003B3B6D /* VideoWriter.swift in Sources */ = {isa = PBXBuildFile; fileRef = 8027014A1F29786B00A26F3B /* VideoWriter.swift */; };
		80C2380E1F334F0900CEFE47 /* DBclustring.m in Sources */ = {isa = PBXBuildFile; fileRef = 80C2380D1F334F0900CEFE47 /* DBclustring.m */; };
/* End PBXBuildFile section */

/* Begin PBXContainerItemProxy section */
		8084769E1F26D5A700A0AD0E /* PBXContainerItemProxy */ = {
			isa = PBXContainerItemProxy;
			containerPortal = 808476981F26D5A700A0AD0E /* Pods.xcodeproj */;
			proxyType = 2;
			remoteGlobalIDString = DBF48C1AA406BDBCFA86FFF7E9703B8E;
			remoteInfo = "Pods-test01";
		};
		808476A01F26D5A700A0AD0E /* PBXContainerItemProxy */ = {
			isa = PBXContainerItemProxy;
			containerPortal = 808476981F26D5A700A0AD0E /* Pods.xcodeproj */;
			proxyType = 2;
			remoteGlobalIDString = 7200D8B6DAFFACE55E7D27122A6F2549;
			remoteInfo = TLPhotoPicker;
		};
		808476A21F26D5A700A0AD0E /* PBXContainerItemProxy */ = {
			isa = PBXContainerItemProxy;
			containerPortal = 808476981F26D5A700A0AD0E /* Pods.xcodeproj */;
			proxyType = 2;
			remoteGlobalIDString = 00275F96EED86FEF9DDFC55E8271BE8D;
			remoteInfo = "TLPhotoPicker-TLPhotoPicker";
		};
		809D23D31F25DF8C00116FBA /* PBXContainerItemProxy */ = {
			isa = PBXContainerItemProxy;
			containerPortal = 809D23B61F25DF8C00116FBA /* Project object */;
			proxyType = 1;
			remoteGlobalIDString = 809D23BD1F25DF8C00116FBA;
			remoteInfo = test01;
		};
		809D23DE1F25DF8C00116FBA /* PBXContainerItemProxy */ = {
			isa = PBXContainerItemProxy;
			containerPortal = 809D23B61F25DF8C00116FBA /* Project object */;
			proxyType = 1;
			remoteGlobalIDString = 809D23BD1F25DF8C00116FBA;
			remoteInfo = test01;
		};
/* End PBXContainerItemProxy section */

/* Begin PBXFileReference section */
		8027014A1F29786B00A26F3B /* VideoWriter.swift */ = {isa = PBXFileReference; fileEncoding = 4; lastKnownFileType = sourcecode.swift; path = VideoWriter.swift; sourceTree = "<group>"; };
		808476961F26D3B800A0AD0E /* Podfile */ = {isa = PBXFileReference; fileEncoding = 4; lastKnownFileType = text; path = Podfile; sourceTree = "<group>"; xcLanguageSpecificationIdentifier = xcode.lang.ruby; };
		808476981F26D5A700A0AD0E /* Pods.xcodeproj */ = {isa = PBXFileReference; lastKnownFileType = "wrapper.pb-project"; name = Pods.xcodeproj; path = Pods/Pods.xcodeproj; sourceTree = "<group>"; };
		809D23BE1F25DF8C00116FBA /* ShowBox.app */ = {isa = PBXFileReference; explicitFileType = wrapper.application; includeInIndex = 0; path = ShowBox.app; sourceTree = BUILT_PRODUCTS_DIR; };
		809D23C11F25DF8C00116FBA /* AppDelegate.swift */ = {isa = PBXFileReference; lastKnownFileType = sourcecode.swift; path = AppDelegate.swift; sourceTree = "<group>"; };
		809D23C31F25DF8C00116FBA /* ViewController.swift */ = {isa = PBXFileReference; lastKnownFileType = sourcecode.swift; path = ViewController.swift; sourceTree = "<group>"; };
		809D23C61F25DF8C00116FBA /* Base */ = {isa = PBXFileReference; lastKnownFileType = file.storyboard; name = Base; path = Base.lproj/Main.storyboard; sourceTree = "<group>"; };
		809D23C81F25DF8C00116FBA /* Assets.xcassets */ = {isa = PBXFileReference; lastKnownFileType = folder.assetcatalog; path = Assets.xcassets; sourceTree = "<group>"; };
		809D23CB1F25DF8C00116FBA /* Base */ = {isa = PBXFileReference; lastKnownFileType = file.storyboard; name = Base; path = Base.lproj/LaunchScreen.storyboard; sourceTree = "<group>"; };
		809D23CD1F25DF8C00116FBA /* Info.plist */ = {isa = PBXFileReference; lastKnownFileType = text.plist.xml; path = Info.plist; sourceTree = "<group>"; };
		809D23D21F25DF8C00116FBA /* ShowBoxTests.xctest */ = {isa = PBXFileReference; explicitFileType = wrapper.cfbundle; includeInIndex = 0; path = ShowBoxTests.xctest; sourceTree = BUILT_PRODUCTS_DIR; };
		809D23D61F25DF8C00116FBA /* test01Tests.swift */ = {isa = PBXFileReference; lastKnownFileType = sourcecode.swift; path = test01Tests.swift; sourceTree = "<group>"; };
		809D23D81F25DF8C00116FBA /* Info.plist */ = {isa = PBXFileReference; lastKnownFileType = text.plist.xml; path = Info.plist; sourceTree = "<group>"; };
		809D23DD1F25DF8C00116FBA /* ShowBoxUITests.xctest */ = {isa = PBXFileReference; explicitFileType = wrapper.cfbundle; includeInIndex = 0; path = ShowBoxUITests.xctest; sourceTree = BUILT_PRODUCTS_DIR; };
		809D23E11F25DF8C00116FBA /* test01UITests.swift */ = {isa = PBXFileReference; lastKnownFileType = sourcecode.swift; path = test01UITests.swift; sourceTree = "<group>"; };
		809D23E31F25DF8C00116FBA /* Info.plist */ = {isa = PBXFileReference; lastKnownFileType = text.plist.xml; path = Info.plist; sourceTree = "<group>"; };
		80C2380C1F334F0900CEFE47 /* DBclustring.h */ = {isa = PBXFileReference; fileEncoding = 4; lastKnownFileType = sourcecode.c.h; path = DBclustring.h; sourceTree = "<group>"; };
		80C2380D1F334F0900CEFE47 /* DBclustring.m */ = {isa = PBXFileReference; fileEncoding = 4; lastKnownFileType = sourcecode.c.objc; path = DBclustring.m; sourceTree = "<group>"; };
		80C2380F1F33504800CEFE47 /* Bridge_Header.h */ = {isa = PBXFileReference; fileEncoding = 4; lastKnownFileType = sourcecode.c.h; path = Bridge_Header.h; sourceTree = "<group>"; };
		80C6FFB81F30AA70000401C1 /* FaceDetecter.swift */ = {isa = PBXFileReference; fileEncoding = 4; lastKnownFileType = sourcecode.swift; path = FaceDetecter.swift; sourceTree = "<group>"; };
		CC3091D85E171F10DEB7FDFD /* Pods-test01.debug.xcconfig */ = {isa = PBXFileReference; includeInIndex = 1; lastKnownFileType = text.xcconfig; name = "Pods-test01.debug.xcconfig"; path = "Pods/Target Support Files/Pods-test01/Pods-test01.debug.xcconfig"; sourceTree = "<group>"; };
		FBDB1960D2AA53C827598567 /* Pods-test01.release.xcconfig */ = {isa = PBXFileReference; includeInIndex = 1; lastKnownFileType = text.xcconfig; name = "Pods-test01.release.xcconfig"; path = "Pods/Target Support Files/Pods-test01/Pods-test01.release.xcconfig"; sourceTree = "<group>"; };
/* End PBXFileReference section */

/* Begin PBXFrameworksBuildPhase section */
		809D23BB1F25DF8C00116FBA /* Frameworks */ = {
			isa = PBXFrameworksBuildPhase;
			buildActionMask = 2147483647;
			files = (
				802701591F2A31D700A26F3B /* TLPhotoPicker.framework in Frameworks */,
			);
			runOnlyForDeploymentPostprocessing = 0;
		};
		809D23CF1F25DF8C00116FBA /* Frameworks */ = {
			isa = PBXFrameworksBuildPhase;
			buildActionMask = 2147483647;
			files = (
			);
			runOnlyForDeploymentPostprocessing = 0;
		};
		809D23DA1F25DF8C00116FBA /* Frameworks */ = {
			isa = PBXFrameworksBuildPhase;
			buildActionMask = 2147483647;
			files = (
			);
			runOnlyForDeploymentPostprocessing = 0;
		};
/* End PBXFrameworksBuildPhase section */

/* Begin PBXGroup section */
		0EBACF5F5AC3FBE11AAAAE04 /* Frameworks */ = {
			isa = PBXGroup;
			children = (
			);
			name = Frameworks;
			sourceTree = "<group>";
		};
		3C68FEA63B890D51B024C738 /* Pods */ = {
			isa = PBXGroup;
			children = (
				CC3091D85E171F10DEB7FDFD /* Pods-test01.debug.xcconfig */,
				FBDB1960D2AA53C827598567 /* Pods-test01.release.xcconfig */,
			);
			name = Pods;
			sourceTree = "<group>";
		};
		808476991F26D5A700A0AD0E /* Products */ = {
			isa = PBXGroup;
			children = (
				8084769F1F26D5A700A0AD0E /* Pods_test01.framework */,
				808476A11F26D5A700A0AD0E /* TLPhotoPicker.framework */,
				808476A31F26D5A700A0AD0E /* TLPhotoPicker.bundle */,
			);
			name = Products;
			sourceTree = "<group>";
		};
		809D23B51F25DF8C00116FBA = {
			isa = PBXGroup;
			children = (
				808476981F26D5A700A0AD0E /* Pods.xcodeproj */,
				808476961F26D3B800A0AD0E /* Podfile */,
				809D23D51F25DF8C00116FBA /* ShowBoxTests */,
				809D23C01F25DF8C00116FBA /* ShowBox */,
				809D23E01F25DF8C00116FBA /* ShowBoxUITests */,
				809D23BF1F25DF8C00116FBA /* Products */,
				3C68FEA63B890D51B024C738 /* Pods */,
				0EBACF5F5AC3FBE11AAAAE04 /* Frameworks */,
			);
			sourceTree = "<group>";
		};
		809D23BF1F25DF8C00116FBA /* Products */ = {
			isa = PBXGroup;
			children = (
				809D23BE1F25DF8C00116FBA /* ShowBox.app */,
				809D23D21F25DF8C00116FBA /* ShowBoxTests.xctest */,
				809D23DD1F25DF8C00116FBA /* ShowBoxUITests.xctest */,
			);
			name = Products;
			sourceTree = "<group>";
		};
		809D23C01F25DF8C00116FBA /* ShowBox */ = {
			isa = PBXGroup;
			children = (
				80C238111F3353E500CEFE47 /* New Group */,
				80C2380C1F334F0900CEFE47 /* DBclustring.h */,
				80C2380D1F334F0900CEFE47 /* DBclustring.m */,
				80C2380F1F33504800CEFE47 /* Bridge_Header.h */,
				809D23C11F25DF8C00116FBA /* AppDelegate.swift */,
				809D23C31F25DF8C00116FBA /* ViewController.swift */,
				809D23C51F25DF8C00116FBA /* Main.storyboard */,
				809D23C81F25DF8C00116FBA /* Assets.xcassets */,
				809D23CA1F25DF8C00116FBA /* LaunchScreen.storyboard */,
				809D23CD1F25DF8C00116FBA /* Info.plist */,
				8027014A1F29786B00A26F3B /* VideoWriter.swift */,
				80C6FFB81F30AA70000401C1 /* FaceDetecter.swift */,
			);
			path = ShowBox;
			sourceTree = "<group>";
		};
		809D23D51F25DF8C00116FBA /* ShowBoxTests */ = {
			isa = PBXGroup;
			children = (
				809D23D61F25DF8C00116FBA /* test01Tests.swift */,
				809D23D81F25DF8C00116FBA /* Info.plist */,
			);
			path = ShowBoxTests;
			sourceTree = "<group>";
		};
		809D23E01F25DF8C00116FBA /* ShowBoxUITests */ = {
			isa = PBXGroup;
			children = (
				809D23E11F25DF8C00116FBA /* test01UITests.swift */,
				809D23E31F25DF8C00116FBA /* Info.plist */,
			);
			path = ShowBoxUITests;
			sourceTree = "<group>";
		};
		80C238111F3353E500CEFE47 /* New Group */ = {
			isa = PBXGroup;
			children = (
			);
			name = "New Group";
			sourceTree = "<group>";
		};
/* End PBXGroup section */

/* Begin PBXNativeTarget section */
		809D23BD1F25DF8C00116FBA /* ShowBox */ = {
			isa = PBXNativeTarget;
			buildConfigurationList = 809D23E61F25DF8C00116FBA /* Build configuration list for PBXNativeTarget "ShowBox" */;
			buildPhases = (
				F1647B57CAB89711799CE947 /* [CP] Check Pods Manifest.lock */,
				809D23BA1F25DF8C00116FBA /* Sources */,
				809D23BB1F25DF8C00116FBA /* Frameworks */,
				809D23BC1F25DF8C00116FBA /* Resources */,
				659F3C04814A11C38BC55BF7 /* [CP] Embed Pods Frameworks */,
				BBACF13CA7DEFE3A33444E8D /* [CP] Copy Pods Resources */,
			);
			buildRules = (
			);
			dependencies = (
			);
			name = ShowBox;
			productName = test01;
			productReference = 809D23BE1F25DF8C00116FBA /* ShowBox.app */;
			productType = "com.apple.product-type.application";
		};
		809D23D11F25DF8C00116FBA /* ShowBoxTests */ = {
			isa = PBXNativeTarget;
			buildConfigurationList = 809D23E91F25DF8C00116FBA /* Build configuration list for PBXNativeTarget "ShowBoxTests" */;
			buildPhases = (
				809D23CE1F25DF8C00116FBA /* Sources */,
				809D23CF1F25DF8C00116FBA /* Frameworks */,
				809D23D01F25DF8C00116FBA /* Resources */,
			);
			buildRules = (
			);
			dependencies = (
				809D23D41F25DF8C00116FBA /* PBXTargetDependency */,
			);
			name = ShowBoxTests;
			productName = test01Tests;
			productReference = 809D23D21F25DF8C00116FBA /* ShowBoxTests.xctest */;
			productType = "com.apple.product-type.bundle.unit-test";
		};
		809D23DC1F25DF8C00116FBA /* ShowBoxUITests */ = {
			isa = PBXNativeTarget;
			buildConfigurationList = 809D23EC1F25DF8C00116FBA /* Build configuration list for PBXNativeTarget "ShowBoxUITests" */;
			buildPhases = (
				809D23D91F25DF8C00116FBA /* Sources */,
				809D23DA1F25DF8C00116FBA /* Frameworks */,
				809D23DB1F25DF8C00116FBA /* Resources */,
			);
			buildRules = (
			);
			dependencies = (
				809D23DF1F25DF8C00116FBA /* PBXTargetDependency */,
			);
			name = ShowBoxUITests;
			productName = test01UITests;
			productReference = 809D23DD1F25DF8C00116FBA /* ShowBoxUITests.xctest */;
			productType = "com.apple.product-type.bundle.ui-testing";
		};
/* End PBXNativeTarget section */

/* Begin PBXProject section */
		809D23B61F25DF8C00116FBA /* Project object */ = {
			isa = PBXProject;
			attributes = {
				LastSwiftUpdateCheck = 0830;
				LastUpgradeCheck = 0830;
				ORGANIZATIONNAME = snow;
				TargetAttributes = {
					809D23BD1F25DF8C00116FBA = {
						CreatedOnToolsVersion = 8.3.3;
						DevelopmentTeam = 4FQ4R6GQY8;
						ProvisioningStyle = Automatic;
					};
					809D23D11F25DF8C00116FBA = {
						CreatedOnToolsVersion = 8.3.3;
						DevelopmentTeam = 4FQ4R6GQY8;
						ProvisioningStyle = Automatic;
						TestTargetID = 809D23BD1F25DF8C00116FBA;
					};
					809D23DC1F25DF8C00116FBA = {
						CreatedOnToolsVersion = 8.3.3;
						DevelopmentTeam = 4FQ4R6GQY8;
						ProvisioningStyle = Automatic;
						TestTargetID = 809D23BD1F25DF8C00116FBA;
					};
				};
			};
			buildConfigurationList = 809D23B91F25DF8C00116FBA /* Build configuration list for PBXProject "ShowBox" */;
			compatibilityVersion = "Xcode 3.2";
			developmentRegion = English;
			hasScannedForEncodings = 0;
			knownRegions = (
				en,
				Base,
			);
			mainGroup = 809D23B51F25DF8C00116FBA;
			productRefGroup = 809D23BF1F25DF8C00116FBA /* Products */;
			projectDirPath = "";
			projectReferences = (
				{
					ProductGroup = 808476991F26D5A700A0AD0E /* Products */;
					ProjectRef = 808476981F26D5A700A0AD0E /* Pods.xcodeproj */;
				},
			);
			projectRoot = "";
			targets = (
				809D23BD1F25DF8C00116FBA /* ShowBox */,
				809D23D11F25DF8C00116FBA /* ShowBoxTests */,
				809D23DC1F25DF8C00116FBA /* ShowBoxUITests */,
			);
		};
/* End PBXProject section */

/* Begin PBXReferenceProxy section */
		8084769F1F26D5A700A0AD0E /* Pods_test01.framework */ = {
			isa = PBXReferenceProxy;
			fileType = wrapper.framework;
			path = Pods_test01.framework;
			remoteRef = 8084769E1F26D5A700A0AD0E /* PBXContainerItemProxy */;
			sourceTree = BUILT_PRODUCTS_DIR;
		};
		808476A11F26D5A700A0AD0E /* TLPhotoPicker.framework */ = {
			isa = PBXReferenceProxy;
			fileType = wrapper.framework;
			path = TLPhotoPicker.framework;
			remoteRef = 808476A01F26D5A700A0AD0E /* PBXContainerItemProxy */;
			sourceTree = BUILT_PRODUCTS_DIR;
		};
		808476A31F26D5A700A0AD0E /* TLPhotoPicker.bundle */ = {
			isa = PBXReferenceProxy;
			fileType = wrapper.cfbundle;
			path = TLPhotoPicker.bundle;
			remoteRef = 808476A21F26D5A700A0AD0E /* PBXContainerItemProxy */;
			sourceTree = BUILT_PRODUCTS_DIR;
		};
/* End PBXReferenceProxy section */

/* Begin PBXResourcesBuildPhase section */
		809D23BC1F25DF8C00116FBA /* Resources */ = {
			isa = PBXResourcesBuildPhase;
			buildActionMask = 2147483647;
			files = (
				809D23CC1F25DF8C00116FBA /* LaunchScreen.storyboard in Resources */,
				809D23C91F25DF8C00116FBA /* Assets.xcassets in Resources */,
				808476971F26D3B800A0AD0E /* Podfile in Resources */,
				809D23C71F25DF8C00116FBA /* Main.storyboard in Resources */,
			);
			runOnlyForDeploymentPostprocessing = 0;
		};
		809D23D01F25DF8C00116FBA /* Resources */ = {
			isa = PBXResourcesBuildPhase;
			buildActionMask = 2147483647;
			files = (
			);
			runOnlyForDeploymentPostprocessing = 0;
		};
		809D23DB1F25DF8C00116FBA /* Resources */ = {
			isa = PBXResourcesBuildPhase;
			buildActionMask = 2147483647;
			files = (
			);
			runOnlyForDeploymentPostprocessing = 0;
		};
/* End PBXResourcesBuildPhase section */

/* Begin PBXShellScriptBuildPhase section */
		659F3C04814A11C38BC55BF7 /* [CP] Embed Pods Frameworks */ = {
			isa = PBXShellScriptBuildPhase;
			buildActionMask = 2147483647;
			files = (
			);
			inputPaths = (
			);
			name = "[CP] Embed Pods Frameworks";
			outputPaths = (
			);
			runOnlyForDeploymentPostprocessing = 0;
			shellPath = /bin/sh;
			shellScript = "\"${SRCROOT}/Pods/Target Support Files/Pods-test01/Pods-test01-frameworks.sh\"\n";
			showEnvVarsInLog = 0;
		};
		BBACF13CA7DEFE3A33444E8D /* [CP] Copy Pods Resources */ = {
			isa = PBXShellScriptBuildPhase;
			buildActionMask = 2147483647;
			files = (
			);
			inputPaths = (
			);
			name = "[CP] Copy Pods Resources";
			outputPaths = (
			);
			runOnlyForDeploymentPostprocessing = 0;
			shellPath = /bin/sh;
			shellScript = "\"${SRCROOT}/Pods/Target Support Files/Pods-test01/Pods-test01-resources.sh\"\n";
			showEnvVarsInLog = 0;
		};
		F1647B57CAB89711799CE947 /* [CP] Check Pods Manifest.lock */ = {
			isa = PBXShellScriptBuildPhase;
			buildActionMask = 2147483647;
			files = (
			);
			inputPaths = (
			);
			name = "[CP] Check Pods Manifest.lock";
			outputPaths = (
			);
			runOnlyForDeploymentPostprocessing = 0;
			shellPath = /bin/sh;
			shellScript = "diff \"${PODS_PODFILE_DIR_PATH}/Podfile.lock\" \"${PODS_ROOT}/Manifest.lock\" > /dev/null\nif [ $? != 0 ] ; then\n    # print error to STDERR\n    echo \"error: The sandbox is not in sync with the Podfile.lock. Run 'pod install' or update your CocoaPods installation.\" >&2\n    exit 1\nfi\n";
			showEnvVarsInLog = 0;
		};
/* End PBXShellScriptBuildPhase section */

/* Begin PBXSourcesBuildPhase section */
		809D23BA1F25DF8C00116FBA /* Sources */ = {
			isa = PBXSourcesBuildPhase;
			buildActionMask = 2147483647;
			files = (
				80C2380E1F334F0900CEFE47 /* DBclustring.m in Sources */,
				80A2C1051F30ACB3003B3B6D /* VideoWriter.swift in Sources */,
				80A2C1041F30ACB0003B3B6D /* AppDelegate.swift in Sources */,
				80A2C1031F30ACAC003B3B6D /* ViewController.swift in Sources */,
				80A2C1021F30ACA9003B3B6D /* FaceDetecter.swift in Sources */,
			);
			runOnlyForDeploymentPostprocessing = 0;
		};
		809D23CE1F25DF8C00116FBA /* Sources */ = {
			isa = PBXSourcesBuildPhase;
			buildActionMask = 2147483647;
			files = (
				809D23D71F25DF8C00116FBA /* test01Tests.swift in Sources */,
			);
			runOnlyForDeploymentPostprocessing = 0;
		};
		809D23D91F25DF8C00116FBA /* Sources */ = {
			isa = PBXSourcesBuildPhase;
			buildActionMask = 2147483647;
			files = (
				809D23E21F25DF8C00116FBA /* test01UITests.swift in Sources */,
			);
			runOnlyForDeploymentPostprocessing = 0;
		};
/* End PBXSourcesBuildPhase section */

/* Begin PBXTargetDependency section */
		809D23D41F25DF8C00116FBA /* PBXTargetDependency */ = {
			isa = PBXTargetDependency;
			target = 809D23BD1F25DF8C00116FBA /* ShowBox */;
			targetProxy = 809D23D31F25DF8C00116FBA /* PBXContainerItemProxy */;
		};
		809D23DF1F25DF8C00116FBA /* PBXTargetDependency */ = {
			isa = PBXTargetDependency;
			target = 809D23BD1F25DF8C00116FBA /* ShowBox */;
			targetProxy = 809D23DE1F25DF8C00116FBA /* PBXContainerItemProxy */;
		};
/* End PBXTargetDependency section */

/* Begin PBXVariantGroup section */
		809D23C51F25DF8C00116FBA /* Main.storyboard */ = {
			isa = PBXVariantGroup;
			children = (
				809D23C61F25DF8C00116FBA /* Base */,
			);
			name = Main.storyboard;
			sourceTree = "<group>";
		};
		809D23CA1F25DF8C00116FBA /* LaunchScreen.storyboard */ = {
			isa = PBXVariantGroup;
			children = (
				809D23CB1F25DF8C00116FBA /* Base */,
			);
			name = LaunchScreen.storyboard;
			sourceTree = "<group>";
		};
/* End PBXVariantGroup section */

/* Begin XCBuildConfiguration section */
		809D23E41F25DF8C00116FBA /* Debug */ = {
			isa = XCBuildConfiguration;
			buildSettings = {
				ALWAYS_SEARCH_USER_PATHS = NO;
				CLANG_ANALYZER_NONNULL = YES;
				CLANG_ANALYZER_NUMBER_OBJECT_CONVERSION = YES_AGGRESSIVE;
				CLANG_CXX_LANGUAGE_STANDARD = "gnu++0x";
				CLANG_CXX_LIBRARY = "libc++";
				CLANG_ENABLE_MODULES = YES;
				CLANG_ENABLE_OBJC_ARC = YES;
				CLANG_WARN_BOOL_CONVERSION = YES;
				CLANG_WARN_CONSTANT_CONVERSION = YES;
				CLANG_WARN_DIRECT_OBJC_ISA_USAGE = YES_ERROR;
				CLANG_WARN_DOCUMENTATION_COMMENTS = YES;
				CLANG_WARN_EMPTY_BODY = YES;
				CLANG_WARN_ENUM_CONVERSION = YES;
				CLANG_WARN_INFINITE_RECURSION = YES;
				CLANG_WARN_INT_CONVERSION = YES;
				CLANG_WARN_OBJC_ROOT_CLASS = YES_ERROR;
				CLANG_WARN_SUSPICIOUS_MOVE = YES;
				CLANG_WARN_UNREACHABLE_CODE = YES;
				CLANG_WARN__DUPLICATE_METHOD_MATCH = YES;
				"CODE_SIGN_IDENTITY[sdk=iphoneos*]" = "iPhone Developer";
				COPY_PHASE_STRIP = NO;
				DEBUG_INFORMATION_FORMAT = dwarf;
				ENABLE_STRICT_OBJC_MSGSEND = YES;
				ENABLE_TESTABILITY = YES;
				GCC_C_LANGUAGE_STANDARD = gnu99;
				GCC_DYNAMIC_NO_PIC = NO;
				GCC_NO_COMMON_BLOCKS = YES;
				GCC_OPTIMIZATION_LEVEL = 0;
				GCC_PREPROCESSOR_DEFINITIONS = (
					"DEBUG=1",
					"$(inherited)",
				);
				GCC_WARN_64_TO_32_BIT_CONVERSION = YES;
				GCC_WARN_ABOUT_RETURN_TYPE = YES_ERROR;
				GCC_WARN_UNDECLARED_SELECTOR = YES;
				GCC_WARN_UNINITIALIZED_AUTOS = YES_AGGRESSIVE;
				GCC_WARN_UNUSED_FUNCTION = YES;
				GCC_WARN_UNUSED_VARIABLE = YES;
				IPHONEOS_DEPLOYMENT_TARGET = 10.3;
				MTL_ENABLE_DEBUG_INFO = YES;
				ONLY_ACTIVE_ARCH = YES;
				SDKROOT = iphoneos;
				SWIFT_ACTIVE_COMPILATION_CONDITIONS = DEBUG;
				SWIFT_OPTIMIZATION_LEVEL = "-Onone";
				TARGETED_DEVICE_FAMILY = "1,2";
			};
			name = Debug;
		};
		809D23E51F25DF8C00116FBA /* Release */ = {
			isa = XCBuildConfiguration;
			buildSettings = {
				ALWAYS_SEARCH_USER_PATHS = NO;
				CLANG_ANALYZER_NONNULL = YES;
				CLANG_ANALYZER_NUMBER_OBJECT_CONVERSION = YES_AGGRESSIVE;
				CLANG_CXX_LANGUAGE_STANDARD = "gnu++0x";
				CLANG_CXX_LIBRARY = "libc++";
				CLANG_ENABLE_MODULES = YES;
				CLANG_ENABLE_OBJC_ARC = YES;
				CLANG_WARN_BOOL_CONVERSION = YES;
				CLANG_WARN_CONSTANT_CONVERSION = YES;
				CLANG_WARN_DIRECT_OBJC_ISA_USAGE = YES_ERROR;
				CLANG_WARN_DOCUMENTATION_COMMENTS = YES;
				CLANG_WARN_EMPTY_BODY = YES;
				CLANG_WARN_ENUM_CONVERSION = YES;
				CLANG_WARN_INFINITE_RECURSION = YES;
				CLANG_WARN_INT_CONVERSION = YES;
				CLANG_WARN_OBJC_ROOT_CLASS = YES_ERROR;
				CLANG_WARN_SUSPICIOUS_MOVE = YES;
				CLANG_WARN_UNREACHABLE_CODE = YES;
				CLANG_WARN__DUPLICATE_METHOD_MATCH = YES;
				"CODE_SIGN_IDENTITY[sdk=iphoneos*]" = "iPhone Developer";
				COPY_PHASE_STRIP = NO;
				DEBUG_INFORMATION_FORMAT = "dwarf-with-dsym";
				ENABLE_NS_ASSERTIONS = NO;
				ENABLE_STRICT_OBJC_MSGSEND = YES;
				GCC_C_LANGUAGE_STANDARD = gnu99;
				GCC_NO_COMMON_BLOCKS = YES;
				GCC_WARN_64_TO_32_BIT_CONVERSION = YES;
				GCC_WARN_ABOUT_RETURN_TYPE = YES_ERROR;
				GCC_WARN_UNDECLARED_SELECTOR = YES;
				GCC_WARN_UNINITIALIZED_AUTOS = YES_AGGRESSIVE;
				GCC_WARN_UNUSED_FUNCTION = YES;
				GCC_WARN_UNUSED_VARIABLE = YES;
				IPHONEOS_DEPLOYMENT_TARGET = 10.3;
				MTL_ENABLE_DEBUG_INFO = NO;
				SDKROOT = iphoneos;
				SWIFT_OPTIMIZATION_LEVEL = "-Owholemodule";
				TARGETED_DEVICE_FAMILY = "1,2";
				VALIDATE_PRODUCT = YES;
			};
			name = Release;
		};
		809D23E71F25DF8C00116FBA /* Debug */ = {
			isa = XCBuildConfiguration;
			baseConfigurationReference = CC3091D85E171F10DEB7FDFD /* Pods-test01.debug.xcconfig */;
			buildSettings = {
				ASSETCATALOG_COMPILER_APPICON_NAME = AppIcon;
				DEVELOPMENT_TEAM = 4FQ4R6GQY8;
				INFOPLIST_FILE = ShowBox/Info.plist;
				IPHONEOS_DEPLOYMENT_TARGET = 10.0;
				LD_RUNPATH_SEARCH_PATHS = "$(inherited) @executable_path/Frameworks";
				PRODUCT_BUNDLE_IDENTIFIER = com.dongwoo.ShowBox;
				PRODUCT_NAME = "$(TARGET_NAME)";
				SWIFT_OBJC_BRIDGING_HEADER = ShowBox/Bridge_Header.h;
				SWIFT_VERSION = 3.0;
			};
			name = Debug;
		};
		809D23E81F25DF8C00116FBA /* Release */ = {
			isa = XCBuildConfiguration;
			baseConfigurationReference = FBDB1960D2AA53C827598567 /* Pods-test01.release.xcconfig */;
			buildSettings = {
				ASSETCATALOG_COMPILER_APPICON_NAME = AppIcon;
				DEVELOPMENT_TEAM = 4FQ4R6GQY8;
				INFOPLIST_FILE = ShowBox/Info.plist;
				IPHONEOS_DEPLOYMENT_TARGET = 10.0;
				LD_RUNPATH_SEARCH_PATHS = "$(inherited) @executable_path/Frameworks";
				PRODUCT_BUNDLE_IDENTIFIER = com.dongwoo.ShowBox;
				PRODUCT_NAME = "$(TARGET_NAME)";
				SWIFT_OBJC_BRIDGING_HEADER = ShowBox/Bridge_Header.h;
				SWIFT_VERSION = 3.0;
			};
			name = Release;
		};
		809D23EA1F25DF8C00116FBA /* Debug */ = {
			isa = XCBuildConfiguration;
			buildSettings = {
				ALWAYS_EMBED_SWIFT_STANDARD_LIBRARIES = YES;
				BUNDLE_LOADER = "$(TEST_HOST)";
				DEVELOPMENT_TEAM = 4FQ4R6GQY8;
				INFOPLIST_FILE = test01Tests/Info.plist;
				LD_RUNPATH_SEARCH_PATHS = "$(inherited) @executable_path/Frameworks @loader_path/Frameworks";
				PRODUCT_BUNDLE_IDENTIFIER = mymy.test01Tests;
				PRODUCT_NAME = "$(TARGET_NAME)";
				SWIFT_VERSION = 3.0;
				TEST_HOST = "$(BUILT_PRODUCTS_DIR)/ShowBox.app/ShowBox";
			};
			name = Debug;
		};
		809D23EB1F25DF8C00116FBA /* Release */ = {
			isa = XCBuildConfiguration;
			buildSettings = {
				ALWAYS_EMBED_SWIFT_STANDARD_LIBRARIES = YES;
				BUNDLE_LOADER = "$(TEST_HOST)";
				DEVELOPMENT_TEAM = 4FQ4R6GQY8;
				INFOPLIST_FILE = test01Tests/Info.plist;
				LD_RUNPATH_SEARCH_PATHS = "$(inherited) @executable_path/Frameworks @loader_path/Frameworks";
				PRODUCT_BUNDLE_IDENTIFIER = mymy.test01Tests;
				PRODUCT_NAME = "$(TARGET_NAME)";
				SWIFT_VERSION = 3.0;
				TEST_HOST = "$(BUILT_PRODUCTS_DIR)/ShowBox.app/ShowBox";
			};
			name = Release;
		};
		809D23ED1F25DF8C00116FBA /* Debug */ = {
			isa = XCBuildConfiguration;
			buildSettings = {
				ALWAYS_EMBED_SWIFT_STANDARD_LIBRARIES = YES;
				DEVELOPMENT_TEAM = 4FQ4R6GQY8;
				INFOPLIST_FILE = test01UITests/Info.plist;
				LD_RUNPATH_SEARCH_PATHS = "$(inherited) @executable_path/Frameworks @loader_path/Frameworks";
				PRODUCT_BUNDLE_IDENTIFIER = mymy.test01UITests;
				PRODUCT_NAME = "$(TARGET_NAME)";
				SWIFT_VERSION = 3.0;
				TEST_TARGET_NAME = test01;
			};
			name = Debug;
		};
		809D23EE1F25DF8C00116FBA /* Release */ = {
			isa = XCBuildConfiguration;
			buildSettings = {
				ALWAYS_EMBED_SWIFT_STANDARD_LIBRARIES = YES;
				DEVELOPMENT_TEAM = 4FQ4R6GQY8;
				INFOPLIST_FILE = test01UITests/Info.plist;
				LD_RUNPATH_SEARCH_PATHS = "$(inherited) @executable_path/Frameworks @loader_path/Frameworks";
				PRODUCT_BUNDLE_IDENTIFIER = mymy.test01UITests;
				PRODUCT_NAME = "$(TARGET_NAME)";
				SWIFT_VERSION = 3.0;
				TEST_TARGET_NAME = test01;
			};
			name = Release;
		};
/* End XCBuildConfiguration section */

/* Begin XCConfigurationList section */
		809D23B91F25DF8C00116FBA /* Build configuration list for PBXProject "ShowBox" */ = {
			isa = XCConfigurationList;
			buildConfigurations = (
				809D23E41F25DF8C00116FBA /* Debug */,
				809D23E51F25DF8C00116FBA /* Release */,
			);
			defaultConfigurationIsVisible = 0;
			defaultConfigurationName = Release;
		};
		809D23E61F25DF8C00116FBA /* Build configuration list for PBXNativeTarget "ShowBox" */ = {
			isa = XCConfigurationList;
			buildConfigurations = (
				809D23E71F25DF8C00116FBA /* Debug */,
				809D23E81F25DF8C00116FBA /* Release */,
			);
			defaultConfigurationIsVisible = 0;
			defaultConfigurationName = Release;
		};
		809D23E91F25DF8C00116FBA /* Build configuration list for PBXNativeTarget "ShowBoxTests" */ = {
			isa = XCConfigurationList;
			buildConfigurations = (
				809D23EA1F25DF8C00116FBA /* Debug */,
				809D23EB1F25DF8C00116FBA /* Release */,
			);
			defaultConfigurationIsVisible = 0;
			defaultConfigurationName = Release;
		};
		809D23EC1F25DF8C00116FBA /* Build configuration list for PBXNativeTarget "ShowBoxUITests" */ = {
			isa = XCConfigurationList;
			buildConfigurations = (
				809D23ED1F25DF8C00116FBA /* Debug */,
				809D23EE1F25DF8C00116FBA /* Release */,
			);
			defaultConfigurationIsVisible = 0;
			defaultConfigurationName = Release;
		};
/* End XCConfigurationList section */
	};
	rootObject = 809D23B61F25DF8C00116FBA /* Project object */;
}
